{
    "name": "xcode-default-theme",
    "version": "2.0.23",
    "lockfileVersion": 3,
    "requires": true,
    "packages": {
        "": {
            "name": "xcode-default-theme",
            "version": "2.0.23",
            "engines": {
                "vscode": "*"
            }
        }
    }
}
